
Microsoft Visual Studio Solution File, Format Version 12.00
# Visual Studio Version 17
VisualStudioVersion = 17.3.32811.315
MinimumVisualStudioVersion = 10.0.40219.1
Project("{FAE04EC0-301F-11D3-BF4B-00C04F79EFBC}") = "LeetCode", "LeetCode.csproj", "{BB258335-1364-4022-B347-75A03C26B93B}"
EndProject
Global
	GlobalSection(SolutionConfigurationPlatforms) = preSolution
		Debug|Any CPU = Debug|Any CPU
		Release|Any CPU = Release|Any CPU
	EndGlobalSection
	GlobalSection(ProjectConfigurationPlatforms) = postSolution
		{BB258335-1364-4022-B347-75A03C26B93B}.Debug|Any CPU.ActiveCfg = Debug|Any CPU
		{BB258335-1364-4022-B347-75A03C26B93B}.Debug|Any CPU.Build.0 = Debug|Any CPU
		{BB258335-1364-4022-B347-75A03C26B93B}.Release|Any CPU.ActiveCfg = Release|Any CPU
		{BB258335-1364-4022-B347-75A03C26B93B}.Release|Any CPU.Build.0 = Release|Any CPU
	EndGlobalSection
	GlobalSection(SolutionProperties) = preSolution
		HideSolutionNode = FALSE
	EndGlobalSection
	GlobalSection(ExtensibilityGlobals) = postSolution
		SolutionGuid = {27AA0520-9133-4A38-B920-66865B14342D}
	EndGlobalSection
EndGlobal
